
Microsoft Visual Studio Solution File, Format Version 12.00
# Visual Studio 15
VisualStudioVersion = 15.0.27004.2006
MinimumVisualStudioVersion = 10.0.40219.1
Project("{FAE04EC0-301F-11D3-BF4B-00C04F79EFBC}") = "AssemliesAndNamespaces", "AssemliesAndNamespaces\AssemliesAndNamespaces.csproj", "{2543480C-DE4A-4225-81CA-B20753510BB3}"
EndProject
Global
	GlobalSection(SolutionConfigurationPlatforms) = preSolution
		Debug|Any CPU = Debug|Any CPU
		Release|Any CPU = Release|Any CPU
	EndGlobalSection
	GlobalSection(ProjectConfigurationPlatforms) = postSolution
		{2543480C-DE4A-4225-81CA-B20753510BB3}.Debug|Any CPU.ActiveCfg = Debug|Any CPU
		{2543480C-DE4A-4225-81CA-B20753510BB3}.Debug|Any CPU.Build.0 = Debug|Any CPU
		{2543480C-DE4A-4225-81CA-B20753510BB3}.Release|Any CPU.ActiveCfg = Release|Any CPU
		{2543480C-DE4A-4225-81CA-B20753510BB3}.Release|Any CPU.Build.0 = Release|Any CPU
	EndGlobalSection
	GlobalSection(SolutionProperties) = preSolution
		HideSolutionNode = FALSE
	EndGlobalSection
	GlobalSection(ExtensibilityGlobals) = postSolution
		SolutionGuid = {3C8AA061-08FE-4557-A88B-1A8EDD866C1F}
	EndGlobalSection
EndGlobal
